
Microsoft Visual Studio Solution File, Format Version 12.00
# Visual Studio Version 16
VisualStudioVersion = 16.0.32126.315
MinimumVisualStudioVersion = 10.0.40219.1
Project("{FAE04EC0-301F-11D3-BF4B-00C04F79EFBC}") = "project file 2", "project file 2\project file 2.csproj", "{DE34D966-AED6-4DBE-AAB9-82D34EA132ED}"
EndProject
Global
	GlobalSection(SolutionConfigurationPlatforms) = preSolution
		Debug|Any CPU = Debug|Any CPU
		Release|Any CPU = Release|Any CPU
	EndGlobalSection
	GlobalSection(ProjectConfigurationPlatforms) = postSolution
		{DE34D966-AED6-4DBE-AAB9-82D34EA132ED}.Debug|Any CPU.ActiveCfg = Debug|Any CPU
		{DE34D966-AED6-4DBE-AAB9-82D34EA132ED}.Debug|Any CPU.Build.0 = Debug|Any CPU
		{DE34D966-AED6-4DBE-AAB9-82D34EA132ED}.Release|Any CPU.ActiveCfg = Release|Any CPU
		{DE34D966-AED6-4DBE-AAB9-82D34EA132ED}.Release|Any CPU.Build.0 = Release|Any CPU
	EndGlobalSection
	GlobalSection(SolutionProperties) = preSolution
		HideSolutionNode = FALSE
	EndGlobalSection
	GlobalSection(ExtensibilityGlobals) = postSolution
		SolutionGuid = {7919EE88-8F46-4C7F-B80C-14D3CBEAEFB7}
	EndGlobalSection
EndGlobal
